// !$*UTF8*$!
{
	archiveVersion = 1;
	classes = {
	};
	objectVersion = 48;
	objects = {

/* Begin PBXBuildFile section */
		183582F020B6C0AE001AF66A /* AppDelegate.swift in Sources */ = {isa = PBXBuildFile; fileRef = 183582EF20B6C0AE001AF66A /* AppDelegate.swift */; };
		183582F220B6C0AE001AF66A /* ViewController.swift in Sources */ = {isa = PBXBuildFile; fileRef = 183582F120B6C0AE001AF66A /* ViewController.swift */; };
		183582F520B6C0AE001AF66A /* Main.storyboard in Resources */ = {isa = PBXBuildFile; fileRef = 183582F320B6C0AE001AF66A /* Main.storyboard */; };
		183582F720B6C0AE001AF66A /* Assets.xcassets in Resources */ = {isa = PBXBuildFile; fileRef = 183582F620B6C0AE001AF66A /* Assets.xcassets */; };
		183582FA20B6C0AE001AF66A /* LaunchScreen.storyboard in Resources */ = {isa = PBXBuildFile; fileRef = 183582F820B6C0AE001AF66A /* LaunchScreen.storyboard */; };
		1835830220B6C0D4001AF66A /* ExpandableIconListView.swift in Sources */ = {isa = PBXBuildFile; fileRef = 1835830120B6C0D4001AF66A /* ExpandableIconListView.swift */; };
/* End PBXBuildFile section */

/* Begin PBXFileReference section */
		183582EC20B6C0AE001AF66A /* ExpandableIconListViewDemo.app */ = {isa = PBXFileReference; explicitFileType = wrapper.application; includeInIndex = 0; path = ExpandableIconListViewDemo.app; sourceTree = BUILT_PRODUCTS_DIR; };
		183582EF20B6C0AE001AF66A /* AppDelegate.swift */ = {isa = PBXFileReference; lastKnownFileType = sourcecode.swift; path = AppDelegate.swift; sourceTree = "<group>"; };
		183582F120B6C0AE001AF66A /* ViewController.swift */ = {isa = PBXFileReference; lastKnownFileType = sourcecode.swift; path = ViewController.swift; sourceTree = "<group>"; };
		183582F420B6C0AE001AF66A /* Base */ = {isa = PBXFileReference; lastKnownFileType = file.storyboard; name = Base; path = Base.lproj/Main.storyboard; sourceTree = "<group>"; };
		183582F620B6C0AE001AF66A /* Assets.xcassets */ = {isa = PBXFileReference; lastKnownFileType = folder.assetcatalog; path = Assets.xcassets; sourceTree = "<group>"; };
		183582F920B6C0AE001AF66A /* Base */ = {isa = PBXFileReference; lastKnownFileType = file.storyboard; name = Base; path = Base.lproj/LaunchScreen.storyboard; sourceTree = "<group>"; };
		183582FB20B6C0AE001AF66A /* Info.plist */ = {isa = PBXFileReference; lastKnownFileType = text.plist.xml; path = Info.plist; sourceTree = "<group>"; };
		1835830120B6C0D4001AF66A /* ExpandableIconListView.swift */ = {isa = PBXFileReference; lastKnownFileType = sourcecode.swift; path = ExpandableIconListView.swift; sourceTree = "<group>"; };
/* End PBXFileReference section */

/* Begin PBXFrameworksBuildPhase section */
		183582E920B6C0AE001AF66A /* Frameworks */ = {
			isa = PBXFrameworksBuildPhase;
			buildActionMask = 2147483647;
			files = (
			);
			runOnlyForDeploymentPostprocessing = 0;
		};
/* End PBXFrameworksBuildPhase section */

/* Begin PBXGroup section */
		183582E320B6C0AE001AF66A = {
			isa = PBXGroup;
			children = (
				183582EE20B6C0AE001AF66A /* ExpandableIconListViewDemo */,
				183582ED20B6C0AE001AF66A /* Products */,
			);
			sourceTree = "<group>";
		};
		183582ED20B6C0AE001AF66A /* Products */ = {
			isa = PBXGroup;
			children = (
				183582EC20B6C0AE001AF66A /* ExpandableIconListViewDemo.app */,
			);
			name = Products;
			sourceTree = "<group>";
		};
		183582EE20B6C0AE001AF66A /* ExpandableIconListViewDemo */ = {
			isa = PBXGroup;
			children = (
				183582EF20B6C0AE001AF66A /* AppDelegate.swift */,
				183582F120B6C0AE001AF66A /* ViewController.swift */,
				183582F320B6C0AE001AF66A /* Main.storyboard */,
				183582F620B6C0AE001AF66A /* Assets.xcassets */,
				183582F820B6C0AE001AF66A /* LaunchScreen.storyboard */,
				183582FB20B6C0AE001AF66A /* Info.plist */,
				1835830120B6C0D4001AF66A /* ExpandableIconListView.swift */,
			);
			path = ExpandableIconListViewDemo;
			sourceTree = "<group>";
		};
/* End PBXGroup section */

/* Begin PBXNativeTarget section */
		183582EB20B6C0AE001AF66A /* ExpandableIconListViewDemo */ = {
			isa = PBXNativeTarget;
			buildConfigurationList = 183582FE20B6C0AE001AF66A /* Build configuration list for PBXNativeTarget "ExpandableIconListViewDemo" */;
			buildPhases = (
				183582E820B6C0AE001AF66A /* Sources */,
				183582E920B6C0AE001AF66A /* Frameworks */,
				183582EA20B6C0AE001AF66A /* Resources */,
			);
			buildRules = (
			);
			dependencies = (
			);
			name = ExpandableIconListViewDemo;
			productName = ExpandableIconListViewDemo;
			productReference = 183582EC20B6C0AE001AF66A /* ExpandableIconListViewDemo.app */;
			productType = "com.apple.product-type.application";
		};
/* End PBXNativeTarget section */

/* Begin PBXProject section */
		183582E420B6C0AE001AF66A /* Project object */ = {
			isa = PBXProject;
			attributes = {
				LastSwiftUpdateCheck = 0920;
				LastUpgradeCheck = 0920;
				ORGANIZATIONNAME = Xu;
				TargetAttributes = {
					183582EB20B6C0AE001AF66A = {
						CreatedOnToolsVersion = 9.2;
						ProvisioningStyle = Automatic;
					};
				};
			};
			buildConfigurationList = 183582E720B6C0AE001AF66A /* Build configuration list for PBXProject "ExpandableIconListViewDemo" */;
			compatibilityVersion = "Xcode 8.0";
			developmentRegion = en;
			hasScannedForEncodings = 0;
			knownRegions = (
				en,
				Base,
			);
			mainGroup = 183582E320B6C0AE001AF66A;
			productRefGroup = 183582ED20B6C0AE001AF66A /* Products */;
			projectDirPath = "";
			projectRoot = "";
			targets = (
				183582EB20B6C0AE001AF66A /* ExpandableIconListViewDemo */,
			);
		};
/* End PBXProject section */

/* Begin PBXResourcesBuildPhase section */
		183582EA20B6C0AE001AF66A /* Resources */ = {
			isa = PBXResourcesBuildPhase;
			buildActionMask = 2147483647;
			files = (
				183582FA20B6C0AE001AF66A /* LaunchScreen.storyboard in Resources */,
				183582F720B6C0AE001AF66A /* Assets.xcassets in Resources */,
				183582F520B6C0AE001AF66A /* Main.storyboard in Resources */,
			);
			runOnlyForDeploymentPostprocessing = 0;
		};
/* End PBXResourcesBuildPhase section */

/* Begin PBXSourcesBuildPhase section */
		183582E820B6C0AE001AF66A /* Sources */ = {
			isa = PBXSourcesBuildPhase;
			buildActionMask = 2147483647;
			files = (
				1835830220B6C0D4001AF66A /* ExpandableIconListView.swift in Sources */,
				183582F220B6C0AE001AF66A /* ViewController.swift in Sources */,
				183582F020B6C0AE001AF66A /* AppDelegate.swift in Sources */,
			);
			runOnlyForDeploymentPostprocessing = 0;
		};
/* End PBXSourcesBuildPhase section */

/* Begin PBXVariantGroup section */
		183582F320B6C0AE001AF66A /* Main.storyboard */ = {
			isa = PBXVariantGroup;
			children = (
				183582F420B6C0AE001AF66A /* Base */,
			);
			name = Main.storyboard;
			sourceTree = "<group>";
		};
		183582F820B6C0AE001AF66A /* LaunchScreen.storyboard */ = {
			isa = PBXVariantGroup;
			children = (
				183582F920B6C0AE001AF66A /* Base */,
			);
			name = LaunchScreen.storyboard;
			sourceTree = "<group>";
		};
/* End PBXVariantGroup section */

/* Begin XCBuildConfiguration section */
		183582FC20B6C0AE001AF66A /* Debug */ = {
			isa = XCBuildConfiguration;
			buildSettings = {
				ALWAYS_SEARCH_USER_PATHS = NO;
				CLANG_ANALYZER_NONNULL = YES;
				CLANG_ANALYZER_NUMBER_OBJECT_CONVERSION = YES_AGGRESSIVE;
				CLANG_CXX_LANGUAGE_STANDARD = "gnu++14";
				CLANG_CXX_LIBRARY = "libc++";
				CLANG_ENABLE_MODULES = YES;
				CLANG_ENABLE_OBJC_ARC = YES;
				CLANG_WARN_BLOCK_CAPTURE_AUTORELEASING = YES;
				CLANG_WARN_BOOL_CONVERSION = YES;
				CLANG_WARN_COMMA = YES;
				CLANG_WARN_CONSTANT_CONVERSION = YES;
				CLANG_WARN_DIRECT_OBJC_ISA_USAGE = YES_ERROR;
				CLANG_WARN_DOCUMENTATION_COMMENTS = YES;
				CLANG_WARN_EMPTY_BODY = YES;
				CLANG_WARN_ENUM_CONVERSION = YES;
				CLANG_WARN_INFINITE_RECURSION = YES;
				CLANG_WARN_INT_CONVERSION = YES;
				CLANG_WARN_NON_LITERAL_NULL_CONVERSION = YES;
				CLANG_WARN_OBJC_LITERAL_CONVERSION = YES;
				CLANG_WARN_OBJC_ROOT_CLASS = YES_ERROR;
				CLANG_WARN_RANGE_LOOP_ANALYSIS = YES;
				CLANG_WARN_STRICT_PROTOTYPES = YES;
				CLANG_WARN_SUSPICIOUS_MOVE = YES;
				CLANG_WARN_UNGUARDED_AVAILABILITY = YES_AGGRESSIVE;
				CLANG_WARN_UNREACHABLE_CODE = YES;
				CLANG_WARN__DUPLICATE_METHOD_MATCH = YES;
				CODE_SIGN_IDENTITY = "iPhone Developer";
				COPY_PHASE_STRIP = NO;
				DEBUG_INFORMATION_FORMAT = dwarf;
				ENABLE_STRICT_OBJC_MSGSEND = YES;
				ENABLE_TESTABILITY = YES;
				GCC_C_LANGUAGE_STANDARD = gnu11;
				GCC_DYNAMIC_NO_PIC = NO;
				GCC_NO_COMMON_BLOCKS = YES;
				GCC_OPTIMIZATION_LEVEL = 0;
				GCC_PREPROCESSOR_DEFINITIONS = (
					"DEBUG=1",
					"$(inherited)",
				);
				GCC_WARN_64_TO_32_BIT_CONVERSION = YES;
				GCC_WARN_ABOUT_RETURN_TYPE = YES_ERROR;
				GCC_WARN_UNDECLARED_SELECTOR = YES;
				GCC_WARN_UNINITIALIZED_AUTOS = YES_AGGRESSIVE;
				GCC_WARN_UNUSED_FUNCTION = YES;
				GCC_WARN_UNUSED_VARIABLE = YES;
				IPHONEOS_DEPLOYMENT_TARGET = 11.2;
				MTL_ENABLE_DEBUG_INFO = YES;
				ONLY_ACTIVE_ARCH = YES;
				SDKROOT = iphoneos;
				SWIFT_ACTIVE_COMPILATION_CONDITIONS = DEBUG;
				SWIFT_OPTIMIZATION_LEVEL = "-Onone";
			};
			name = Debug;
		};
		183582FD20B6C0AE001AF66A /* Release */ = {
			isa = XCBuildConfiguration;
			buildSettings = {
				ALWAYS_SEARCH_USER_PATHS = NO;
				CLANG_ANALYZER_NONNULL = YES;
				CLANG_ANALYZER_NUMBER_OBJECT_CONVERSION = YES_AGGRESSIVE;
				CLANG_CXX_LANGUAGE_STANDARD = "gnu++14";
				CLANG_CXX_LIBRARY = "libc++";
				CLANG_ENABLE_MODULES = YES;
				CLANG_ENABLE_OBJC_ARC = YES;
				CLANG_WARN_BLOCK_CAPTURE_AUTORELEASING = YES;
				CLANG_WARN_BOOL_CONVERSION = YES;
				CLANG_WARN_COMMA = YES;
				CLANG_WARN_CONSTANT_CONVERSION = YES;
				CLANG_WARN_DIRECT_OBJC_ISA_USAGE = YES_ERROR;
				CLANG_WARN_DOCUMENTATION_COMMENTS = YES;
				CLANG_WARN_EMPTY_BODY = YES;
				CLANG_WARN_ENUM_CONVERSION = YES;
				CLANG_WARN_INFINITE_RECURSION = YES;
				CLANG_WARN_INT_CONVERSION = YES;
				CLANG_WARN_NON_LITERAL_NULL_CONVERSION = YES;
				CLANG_WARN_OBJC_LITERAL_CONVERSION = YES;
				CLANG_WARN_OBJC_ROOT_CLASS = YES_ERROR;
				CLANG_WARN_RANGE_LOOP_ANALYSIS = YES;
				CLANG_WARN_STRICT_PROTOTYPES = YES;
				CLANG_WARN_SUSPICIOUS_MOVE = YES;
				CLANG_WARN_UNGUARDED_AVAILABILITY = YES_AGGRESSIVE;
				CLANG_WARN_UNREACHABLE_CODE = YES;
				CLANG_WARN__DUPLICATE_METHOD_MATCH = YES;
				CODE_SIGN_IDENTITY = "iPhone Developer";
				COPY_PHASE_STRIP = NO;
				DEBUG_INFORMATION_FORMAT = "dwarf-with-dsym";
				ENABLE_NS_ASSERTIONS = NO;
				ENABLE_STRICT_OBJC_MSGSEND = YES;
				GCC_C_LANGUAGE_STANDARD = gnu11;
				GCC_NO_COMMON_BLOCKS = YES;
				GCC_WARN_64_TO_32_BIT_CONVERSION = YES;
				GCC_WARN_ABOUT_RETURN_TYPE = YES_ERROR;
				GCC_WARN_UNDECLARED_SELECTOR = YES;
				GCC_WARN_UNINITIALIZED_AUTOS = YES_AGGRESSIVE;
				GCC_WARN_UNUSED_FUNCTION = YES;
				GCC_WARN_UNUSED_VARIABLE = YES;
				IPHONEOS_DEPLOYMENT_TARGET = 11.2;
				MTL_ENABLE_DEBUG_INFO = NO;
				SDKROOT = iphoneos;
				SWIFT_OPTIMIZATION_LEVEL = "-Owholemodule";
				VALIDATE_PRODUCT = YES;
			};
			name = Release;
		};
		183582FF20B6C0AE001AF66A /* Debug */ = {
			isa = XCBuildConfiguration;
			buildSettings = {
				ASSETCATALOG_COMPILER_APPICON_NAME = AppIcon;
				CODE_SIGN_STYLE = Automatic;
				INFOPLIST_FILE = ExpandableIconListViewDemo/Info.plist;
				LD_RUNPATH_SEARCH_PATHS = "$(inherited) @executable_path/Frameworks";
				PRODUCT_BUNDLE_IDENTIFIER = penn.ExpandableIconListViewDemo;
				PRODUCT_NAME = "$(TARGET_NAME)";
				SWIFT_VERSION = 4.0;
				TARGETED_DEVICE_FAMILY = "1,2";
			};
			name = Debug;
		};
		1835830020B6C0AE001AF66A /* Release */ = {
			isa = XCBuildConfiguration;
			buildSettings = {
				ASSETCATALOG_COMPILER_APPICON_NAME = AppIcon;
				CODE_SIGN_STYLE = Automatic;
				INFOPLIST_FILE = ExpandableIconListViewDemo/Info.plist;
				LD_RUNPATH_SEARCH_PATHS = "$(inherited) @executable_path/Frameworks";
				PRODUCT_BUNDLE_IDENTIFIER = penn.ExpandableIconListViewDemo;
				PRODUCT_NAME = "$(TARGET_NAME)";
				SWIFT_VERSION = 4.0;
				TARGETED_DEVICE_FAMILY = "1,2";
			};
			name = Release;
		};
/* End XCBuildConfiguration section */

/* Begin XCConfigurationList section */
		183582E720B6C0AE001AF66A /* Build configuration list for PBXProject "ExpandableIconListViewDemo" */ = {
			isa = XCConfigurationList;
			buildConfigurations = (
				183582FC20B6C0AE001AF66A /* Debug */,
				183582FD20B6C0AE001AF66A /* Release */,
			);
			defaultConfigurationIsVisible = 0;
			defaultConfigurationName = Release;
		};
		183582FE20B6C0AE001AF66A /* Build configuration list for PBXNativeTarget "ExpandableIconListViewDemo" */ = {
			isa = XCConfigurationList;
			buildConfigurations = (
				183582FF20B6C0AE001AF66A /* Debug */,
				1835830020B6C0AE001AF66A /* Release */,
			);
			defaultConfigurationIsVisible = 0;
			defaultConfigurationName = Release;
		};
/* End XCConfigurationList section */
	};
	rootObject = 183582E420B6C0AE001AF66A /* Project object */;
}
