// !$*UTF8*$!
{
	archiveVersion = 1;
	classes = {
	};
	objectVersion = 48;
	objects = {

/* Begin PBXBuildFile section */
		18151AC820AAD8D100A1171A /* AppDelegate.swift in Sources */ = {isa = PBXBuildFile; fileRef = 18151AC720AAD8D100A1171A /* AppDelegate.swift */; };
		18151ACA20AAD8D100A1171A /* ViewController.swift in Sources */ = {isa = PBXBuildFile; fileRef = 18151AC920AAD8D100A1171A /* ViewController.swift */; };
		18151ACD20AAD8D100A1171A /* Main.storyboard in Resources */ = {isa = PBXBuildFile; fileRef = 18151ACB20AAD8D100A1171A /* Main.storyboard */; };
		18151ACF20AAD8D100A1171A /* Assets.xcassets in Resources */ = {isa = PBXBuildFile; fileRef = 18151ACE20AAD8D100A1171A /* Assets.xcassets */; };
		18151AD220AAD8D100A1171A /* LaunchScreen.storyboard in Resources */ = {isa = PBXBuildFile; fileRef = 18151AD020AAD8D100A1171A /* LaunchScreen.storyboard */; };
		18151ADA20AAD91000A1171A /* iOSCircleView.swift in Sources */ = {isa = PBXBuildFile; fileRef = 18151AD920AAD91000A1171A /* iOSCircleView.swift */; };
		18151ADC20AAD92100A1171A /* iOSCircle.swift in Sources */ = {isa = PBXBuildFile; fileRef = 18151ADB20AAD92100A1171A /* iOSCircle.swift */; };
/* End PBXBuildFile section */

/* Begin PBXFileReference section */
		18151AC420AAD8D100A1171A /* DrawCircleDemo.app */ = {isa = PBXFileReference; explicitFileType = wrapper.application; includeInIndex = 0; path = DrawCircleDemo.app; sourceTree = BUILT_PRODUCTS_DIR; };
		18151AC720AAD8D100A1171A /* AppDelegate.swift */ = {isa = PBXFileReference; lastKnownFileType = sourcecode.swift; path = AppDelegate.swift; sourceTree = "<group>"; };
		18151AC920AAD8D100A1171A /* ViewController.swift */ = {isa = PBXFileReference; lastKnownFileType = sourcecode.swift; path = ViewController.swift; sourceTree = "<group>"; };
		18151ACC20AAD8D100A1171A /* Base */ = {isa = PBXFileReference; lastKnownFileType = file.storyboard; name = Base; path = Base.lproj/Main.storyboard; sourceTree = "<group>"; };
		18151ACE20AAD8D100A1171A /* Assets.xcassets */ = {isa = PBXFileReference; lastKnownFileType = folder.assetcatalog; path = Assets.xcassets; sourceTree = "<group>"; };
		18151AD120AAD8D100A1171A /* Base */ = {isa = PBXFileReference; lastKnownFileType = file.storyboard; name = Base; path = Base.lproj/LaunchScreen.storyboard; sourceTree = "<group>"; };
		18151AD320AAD8D100A1171A /* Info.plist */ = {isa = PBXFileReference; lastKnownFileType = text.plist.xml; path = Info.plist; sourceTree = "<group>"; };
		18151AD920AAD91000A1171A /* iOSCircleView.swift */ = {isa = PBXFileReference; lastKnownFileType = sourcecode.swift; path = iOSCircleView.swift; sourceTree = "<group>"; };
		18151ADB20AAD92100A1171A /* iOSCircle.swift */ = {isa = PBXFileReference; lastKnownFileType = sourcecode.swift; path = iOSCircle.swift; sourceTree = "<group>"; };
/* End PBXFileReference section */

/* Begin PBXFrameworksBuildPhase section */
		18151AC120AAD8D100A1171A /* Frameworks */ = {
			isa = PBXFrameworksBuildPhase;
			buildActionMask = 2147483647;
			files = (
			);
			runOnlyForDeploymentPostprocessing = 0;
		};
/* End PBXFrameworksBuildPhase section */

/* Begin PBXGroup section */
		18151ABB20AAD8D100A1171A = {
			isa = PBXGroup;
			children = (
				18151AC620AAD8D100A1171A /* DrawCircleDemo */,
				18151AC520AAD8D100A1171A /* Products */,
			);
			sourceTree = "<group>";
		};
		18151AC520AAD8D100A1171A /* Products */ = {
			isa = PBXGroup;
			children = (
				18151AC420AAD8D100A1171A /* DrawCircleDemo.app */,
			);
			name = Products;
			sourceTree = "<group>";
		};
		18151AC620AAD8D100A1171A /* DrawCircleDemo */ = {
			isa = PBXGroup;
			children = (
				18151AC720AAD8D100A1171A /* AppDelegate.swift */,
				18151AC920AAD8D100A1171A /* ViewController.swift */,
				18151ACB20AAD8D100A1171A /* Main.storyboard */,
				18151ACE20AAD8D100A1171A /* Assets.xcassets */,
				18151AD020AAD8D100A1171A /* LaunchScreen.storyboard */,
				18151AD320AAD8D100A1171A /* Info.plist */,
				18151AD920AAD91000A1171A /* iOSCircleView.swift */,
				18151ADB20AAD92100A1171A /* iOSCircle.swift */,
			);
			path = DrawCircleDemo;
			sourceTree = "<group>";
		};
/* End PBXGroup section */

/* Begin PBXNativeTarget section */
		18151AC320AAD8D100A1171A /* DrawCircleDemo */ = {
			isa = PBXNativeTarget;
			buildConfigurationList = 18151AD620AAD8D100A1171A /* Build configuration list for PBXNativeTarget "DrawCircleDemo" */;
			buildPhases = (
				18151AC020AAD8D100A1171A /* Sources */,
				18151AC120AAD8D100A1171A /* Frameworks */,
				18151AC220AAD8D100A1171A /* Resources */,
			);
			buildRules = (
			);
			dependencies = (
			);
			name = DrawCircleDemo;
			productName = DrawCircleDemo;
			productReference = 18151AC420AAD8D100A1171A /* DrawCircleDemo.app */;
			productType = "com.apple.product-type.application";
		};
/* End PBXNativeTarget section */

/* Begin PBXProject section */
		18151ABC20AAD8D100A1171A /* Project object */ = {
			isa = PBXProject;
			attributes = {
				LastSwiftUpdateCheck = 0920;
				LastUpgradeCheck = 0920;
				ORGANIZATIONNAME = Xu;
				TargetAttributes = {
					18151AC320AAD8D100A1171A = {
						CreatedOnToolsVersion = 9.2;
						ProvisioningStyle = Automatic;
					};
				};
			};
			buildConfigurationList = 18151ABF20AAD8D100A1171A /* Build configuration list for PBXProject "DrawCircleDemo" */;
			compatibilityVersion = "Xcode 8.0";
			developmentRegion = en;
			hasScannedForEncodings = 0;
			knownRegions = (
				en,
				Base,
			);
			mainGroup = 18151ABB20AAD8D100A1171A;
			productRefGroup = 18151AC520AAD8D100A1171A /* Products */;
			projectDirPath = "";
			projectRoot = "";
			targets = (
				18151AC320AAD8D100A1171A /* DrawCircleDemo */,
			);
		};
/* End PBXProject section */

/* Begin PBXResourcesBuildPhase section */
		18151AC220AAD8D100A1171A /* Resources */ = {
			isa = PBXResourcesBuildPhase;
			buildActionMask = 2147483647;
			files = (
				18151AD220AAD8D100A1171A /* LaunchScreen.storyboard in Resources */,
				18151ACF20AAD8D100A1171A /* Assets.xcassets in Resources */,
				18151ACD20AAD8D100A1171A /* Main.storyboard in Resources */,
			);
			runOnlyForDeploymentPostprocessing = 0;
		};
/* End PBXResourcesBuildPhase section */

/* Begin PBXSourcesBuildPhase section */
		18151AC020AAD8D100A1171A /* Sources */ = {
			isa = PBXSourcesBuildPhase;
			buildActionMask = 2147483647;
			files = (
				18151ADA20AAD91000A1171A /* iOSCircleView.swift in Sources */,
				18151ADC20AAD92100A1171A /* iOSCircle.swift in Sources */,
				18151ACA20AAD8D100A1171A /* ViewController.swift in Sources */,
				18151AC820AAD8D100A1171A /* AppDelegate.swift in Sources */,
			);
			runOnlyForDeploymentPostprocessing = 0;
		};
/* End PBXSourcesBuildPhase section */

/* Begin PBXVariantGroup section */
		18151ACB20AAD8D100A1171A /* Main.storyboard */ = {
			isa = PBXVariantGroup;
			children = (
				18151ACC20AAD8D100A1171A /* Base */,
			);
			name = Main.storyboard;
			sourceTree = "<group>";
		};
		18151AD020AAD8D100A1171A /* LaunchScreen.storyboard */ = {
			isa = PBXVariantGroup;
			children = (
				18151AD120AAD8D100A1171A /* Base */,
			);
			name = LaunchScreen.storyboard;
			sourceTree = "<group>";
		};
/* End PBXVariantGroup section */

/* Begin XCBuildConfiguration section */
		18151AD420AAD8D100A1171A /* Debug */ = {
			isa = XCBuildConfiguration;
			buildSettings = {
				ALWAYS_SEARCH_USER_PATHS = NO;
				CLANG_ANALYZER_NONNULL = YES;
				CLANG_ANALYZER_NUMBER_OBJECT_CONVERSION = YES_AGGRESSIVE;
				CLANG_CXX_LANGUAGE_STANDARD = "gnu++14";
				CLANG_CXX_LIBRARY = "libc++";
				CLANG_ENABLE_MODULES = YES;
				CLANG_ENABLE_OBJC_ARC = YES;
				CLANG_WARN_BLOCK_CAPTURE_AUTORELEASING = YES;
				CLANG_WARN_BOOL_CONVERSION = YES;
				CLANG_WARN_COMMA = YES;
				CLANG_WARN_CONSTANT_CONVERSION = YES;
				CLANG_WARN_DIRECT_OBJC_ISA_USAGE = YES_ERROR;
				CLANG_WARN_DOCUMENTATION_COMMENTS = YES;
				CLANG_WARN_EMPTY_BODY = YES;
				CLANG_WARN_ENUM_CONVERSION = YES;
				CLANG_WARN_INFINITE_RECURSION = YES;
				CLANG_WARN_INT_CONVERSION = YES;
				CLANG_WARN_NON_LITERAL_NULL_CONVERSION = YES;
				CLANG_WARN_OBJC_LITERAL_CONVERSION = YES;
				CLANG_WARN_OBJC_ROOT_CLASS = YES_ERROR;
				CLANG_WARN_RANGE_LOOP_ANALYSIS = YES;
				CLANG_WARN_STRICT_PROTOTYPES = YES;
				CLANG_WARN_SUSPICIOUS_MOVE = YES;
				CLANG_WARN_UNGUARDED_AVAILABILITY = YES_AGGRESSIVE;
				CLANG_WARN_UNREACHABLE_CODE = YES;
				CLANG_WARN__DUPLICATE_METHOD_MATCH = YES;
				CODE_SIGN_IDENTITY = "iPhone Developer";
				COPY_PHASE_STRIP = NO;
				DEBUG_INFORMATION_FORMAT = dwarf;
				ENABLE_STRICT_OBJC_MSGSEND = YES;
				ENABLE_TESTABILITY = YES;
				GCC_C_LANGUAGE_STANDARD = gnu11;
				GCC_DYNAMIC_NO_PIC = NO;
				GCC_NO_COMMON_BLOCKS = YES;
				GCC_OPTIMIZATION_LEVEL = 0;
				GCC_PREPROCESSOR_DEFINITIONS = (
					"DEBUG=1",
					"$(inherited)",
				);
				GCC_WARN_64_TO_32_BIT_CONVERSION = YES;
				GCC_WARN_ABOUT_RETURN_TYPE = YES_ERROR;
				GCC_WARN_UNDECLARED_SELECTOR = YES;
				GCC_WARN_UNINITIALIZED_AUTOS = YES_AGGRESSIVE;
				GCC_WARN_UNUSED_FUNCTION = YES;
				GCC_WARN_UNUSED_VARIABLE = YES;
				IPHONEOS_DEPLOYMENT_TARGET = 11.2;
				MTL_ENABLE_DEBUG_INFO = YES;
				ONLY_ACTIVE_ARCH = YES;
				SDKROOT = iphoneos;
				SWIFT_ACTIVE_COMPILATION_CONDITIONS = DEBUG;
				SWIFT_OPTIMIZATION_LEVEL = "-Onone";
			};
			name = Debug;
		};
		18151AD520AAD8D100A1171A /* Release */ = {
			isa = XCBuildConfiguration;
			buildSettings = {
				ALWAYS_SEARCH_USER_PATHS = NO;
				CLANG_ANALYZER_NONNULL = YES;
				CLANG_ANALYZER_NUMBER_OBJECT_CONVERSION = YES_AGGRESSIVE;
				CLANG_CXX_LANGUAGE_STANDARD = "gnu++14";
				CLANG_CXX_LIBRARY = "libc++";
				CLANG_ENABLE_MODULES = YES;
				CLANG_ENABLE_OBJC_ARC = YES;
				CLANG_WARN_BLOCK_CAPTURE_AUTORELEASING = YES;
				CLANG_WARN_BOOL_CONVERSION = YES;
				CLANG_WARN_COMMA = YES;
				CLANG_WARN_CONSTANT_CONVERSION = YES;
				CLANG_WARN_DIRECT_OBJC_ISA_USAGE = YES_ERROR;
				CLANG_WARN_DOCUMENTATION_COMMENTS = YES;
				CLANG_WARN_EMPTY_BODY = YES;
				CLANG_WARN_ENUM_CONVERSION = YES;
				CLANG_WARN_INFINITE_RECURSION = YES;
				CLANG_WARN_INT_CONVERSION = YES;
				CLANG_WARN_NON_LITERAL_NULL_CONVERSION = YES;
				CLANG_WARN_OBJC_LITERAL_CONVERSION = YES;
				CLANG_WARN_OBJC_ROOT_CLASS = YES_ERROR;
				CLANG_WARN_RANGE_LOOP_ANALYSIS = YES;
				CLANG_WARN_STRICT_PROTOTYPES = YES;
				CLANG_WARN_SUSPICIOUS_MOVE = YES;
				CLANG_WARN_UNGUARDED_AVAILABILITY = YES_AGGRESSIVE;
				CLANG_WARN_UNREACHABLE_CODE = YES;
				CLANG_WARN__DUPLICATE_METHOD_MATCH = YES;
				CODE_SIGN_IDENTITY = "iPhone Developer";
				COPY_PHASE_STRIP = NO;
				DEBUG_INFORMATION_FORMAT = "dwarf-with-dsym";
				ENABLE_NS_ASSERTIONS = NO;
				ENABLE_STRICT_OBJC_MSGSEND = YES;
				GCC_C_LANGUAGE_STANDARD = gnu11;
				GCC_NO_COMMON_BLOCKS = YES;
				GCC_WARN_64_TO_32_BIT_CONVERSION = YES;
				GCC_WARN_ABOUT_RETURN_TYPE = YES_ERROR;
				GCC_WARN_UNDECLARED_SELECTOR = YES;
				GCC_WARN_UNINITIALIZED_AUTOS = YES_AGGRESSIVE;
				GCC_WARN_UNUSED_FUNCTION = YES;
				GCC_WARN_UNUSED_VARIABLE = YES;
				IPHONEOS_DEPLOYMENT_TARGET = 11.2;
				MTL_ENABLE_DEBUG_INFO = NO;
				SDKROOT = iphoneos;
				SWIFT_OPTIMIZATION_LEVEL = "-Owholemodule";
				VALIDATE_PRODUCT = YES;
			};
			name = Release;
		};
		18151AD720AAD8D100A1171A /* Debug */ = {
			isa = XCBuildConfiguration;
			buildSettings = {
				ASSETCATALOG_COMPILER_APPICON_NAME = AppIcon;
				CODE_SIGN_STYLE = Automatic;
				DEVELOPMENT_TEAM = 7C7UL4AYA3;
				INFOPLIST_FILE = DrawCircleDemo/Info.plist;
				IPHONEOS_DEPLOYMENT_TARGET = 9.0;
				LD_RUNPATH_SEARCH_PATHS = "$(inherited) @executable_path/Frameworks";
				PRODUCT_BUNDLE_IDENTIFIER = penn.DrawCircleDemo;
				PRODUCT_NAME = "$(TARGET_NAME)";
				SWIFT_VERSION = 4.0;
				TARGETED_DEVICE_FAMILY = "1,2";
			};
			name = Debug;
		};
		18151AD820AAD8D100A1171A /* Release */ = {
			isa = XCBuildConfiguration;
			buildSettings = {
				ASSETCATALOG_COMPILER_APPICON_NAME = AppIcon;
				CODE_SIGN_STYLE = Automatic;
				DEVELOPMENT_TEAM = 7C7UL4AYA3;
				INFOPLIST_FILE = DrawCircleDemo/Info.plist;
				IPHONEOS_DEPLOYMENT_TARGET = 9.0;
				LD_RUNPATH_SEARCH_PATHS = "$(inherited) @executable_path/Frameworks";
				PRODUCT_BUNDLE_IDENTIFIER = penn.DrawCircleDemo;
				PRODUCT_NAME = "$(TARGET_NAME)";
				SWIFT_VERSION = 4.0;
				TARGETED_DEVICE_FAMILY = "1,2";
			};
			name = Release;
		};
/* End XCBuildConfiguration section */

/* Begin XCConfigurationList section */
		18151ABF20AAD8D100A1171A /* Build configuration list for PBXProject "DrawCircleDemo" */ = {
			isa = XCConfigurationList;
			buildConfigurations = (
				18151AD420AAD8D100A1171A /* Debug */,
				18151AD520AAD8D100A1171A /* Release */,
			);
			defaultConfigurationIsVisible = 0;
			defaultConfigurationName = Release;
		};
		18151AD620AAD8D100A1171A /* Build configuration list for PBXNativeTarget "DrawCircleDemo" */ = {
			isa = XCConfigurationList;
			buildConfigurations = (
				18151AD720AAD8D100A1171A /* Debug */,
				18151AD820AAD8D100A1171A /* Release */,
			);
			defaultConfigurationIsVisible = 0;
			defaultConfigurationName = Release;
		};
/* End XCConfigurationList section */
	};
	rootObject = 18151ABC20AAD8D100A1171A /* Project object */;
}
