// !$*UTF8*$!
{
	archiveVersion = 1;
	classes = {
	};
	objectVersion = 48;
	objects = {

/* Begin PBXBuildFile section */
		18C7350120AA75D600246F6E /* AppDelegate.swift in Sources */ = {isa = PBXBuildFile; fileRef = 18C7350020AA75D600246F6E /* AppDelegate.swift */; };
		18C7350320AA75D600246F6E /* ViewController.swift in Sources */ = {isa = PBXBuildFile; fileRef = 18C7350220AA75D600246F6E /* ViewController.swift */; };
		18C7350620AA75D600246F6E /* Main.storyboard in Resources */ = {isa = PBXBuildFile; fileRef = 18C7350420AA75D600246F6E /* Main.storyboard */; };
		18C7350820AA75D600246F6E /* Assets.xcassets in Resources */ = {isa = PBXBuildFile; fileRef = 18C7350720AA75D600246F6E /* Assets.xcassets */; };
		18C7350B20AA75D600246F6E /* LaunchScreen.storyboard in Resources */ = {isa = PBXBuildFile; fileRef = 18C7350920AA75D600246F6E /* LaunchScreen.storyboard */; };
		18C7351320AA772800246F6E /* TableViewCell.swift in Sources */ = {isa = PBXBuildFile; fileRef = 18C7351220AA772800246F6E /* TableViewCell.swift */; };
		18C7351520AA776600246F6E /* MessageModel.swift in Sources */ = {isa = PBXBuildFile; fileRef = 18C7351420AA776500246F6E /* MessageModel.swift */; };
/* End PBXBuildFile section */

/* Begin PBXFileReference section */
		18C734FD20AA75D600246F6E /* ReverseTableView.app */ = {isa = PBXFileReference; explicitFileType = wrapper.application; includeInIndex = 0; path = ReverseTableView.app; sourceTree = BUILT_PRODUCTS_DIR; };
		18C7350020AA75D600246F6E /* AppDelegate.swift */ = {isa = PBXFileReference; lastKnownFileType = sourcecode.swift; path = AppDelegate.swift; sourceTree = "<group>"; };
		18C7350220AA75D600246F6E /* ViewController.swift */ = {isa = PBXFileReference; lastKnownFileType = sourcecode.swift; path = ViewController.swift; sourceTree = "<group>"; };
		18C7350520AA75D600246F6E /* Base */ = {isa = PBXFileReference; lastKnownFileType = file.storyboard; name = Base; path = Base.lproj/Main.storyboard; sourceTree = "<group>"; };
		18C7350720AA75D600246F6E /* Assets.xcassets */ = {isa = PBXFileReference; lastKnownFileType = folder.assetcatalog; path = Assets.xcassets; sourceTree = "<group>"; };
		18C7350A20AA75D600246F6E /* Base */ = {isa = PBXFileReference; lastKnownFileType = file.storyboard; name = Base; path = Base.lproj/LaunchScreen.storyboard; sourceTree = "<group>"; };
		18C7350C20AA75D600246F6E /* Info.plist */ = {isa = PBXFileReference; lastKnownFileType = text.plist.xml; path = Info.plist; sourceTree = "<group>"; };
		18C7351220AA772800246F6E /* TableViewCell.swift */ = {isa = PBXFileReference; fileEncoding = 4; lastKnownFileType = sourcecode.swift; path = TableViewCell.swift; sourceTree = "<group>"; };
		18C7351420AA776500246F6E /* MessageModel.swift */ = {isa = PBXFileReference; fileEncoding = 4; lastKnownFileType = sourcecode.swift; path = MessageModel.swift; sourceTree = "<group>"; };
/* End PBXFileReference section */

/* Begin PBXFrameworksBuildPhase section */
		18C734FA20AA75D600246F6E /* Frameworks */ = {
			isa = PBXFrameworksBuildPhase;
			buildActionMask = 2147483647;
			files = (
			);
			runOnlyForDeploymentPostprocessing = 0;
		};
/* End PBXFrameworksBuildPhase section */

/* Begin PBXGroup section */
		18C734F420AA75D600246F6E = {
			isa = PBXGroup;
			children = (
				18C734FF20AA75D600246F6E /* ReverseTableView */,
				18C734FE20AA75D600246F6E /* Products */,
			);
			sourceTree = "<group>";
		};
		18C734FE20AA75D600246F6E /* Products */ = {
			isa = PBXGroup;
			children = (
				18C734FD20AA75D600246F6E /* ReverseTableView.app */,
			);
			name = Products;
			sourceTree = "<group>";
		};
		18C734FF20AA75D600246F6E /* ReverseTableView */ = {
			isa = PBXGroup;
			children = (
				18C7350020AA75D600246F6E /* AppDelegate.swift */,
				18C7350220AA75D600246F6E /* ViewController.swift */,
				18C7350420AA75D600246F6E /* Main.storyboard */,
				18C7351420AA776500246F6E /* MessageModel.swift */,
				18C7351220AA772800246F6E /* TableViewCell.swift */,
				18C7350720AA75D600246F6E /* Assets.xcassets */,
				18C7350920AA75D600246F6E /* LaunchScreen.storyboard */,
				18C7350C20AA75D600246F6E /* Info.plist */,
			);
			path = ReverseTableView;
			sourceTree = "<group>";
		};
/* End PBXGroup section */

/* Begin PBXNativeTarget section */
		18C734FC20AA75D600246F6E /* ReverseTableView */ = {
			isa = PBXNativeTarget;
			buildConfigurationList = 18C7350F20AA75D600246F6E /* Build configuration list for PBXNativeTarget "ReverseTableView" */;
			buildPhases = (
				18C734F920AA75D600246F6E /* Sources */,
				18C734FA20AA75D600246F6E /* Frameworks */,
				18C734FB20AA75D600246F6E /* Resources */,
			);
			buildRules = (
			);
			dependencies = (
			);
			name = ReverseTableView;
			productName = ReverseTableView;
			productReference = 18C734FD20AA75D600246F6E /* ReverseTableView.app */;
			productType = "com.apple.product-type.application";
		};
/* End PBXNativeTarget section */

/* Begin PBXProject section */
		18C734F520AA75D600246F6E /* Project object */ = {
			isa = PBXProject;
			attributes = {
				LastSwiftUpdateCheck = 0920;
				LastUpgradeCheck = 0920;
				ORGANIZATIONNAME = Xu;
				TargetAttributes = {
					18C734FC20AA75D600246F6E = {
						CreatedOnToolsVersion = 9.2;
						ProvisioningStyle = Automatic;
					};
				};
			};
			buildConfigurationList = 18C734F820AA75D600246F6E /* Build configuration list for PBXProject "ReverseTableView" */;
			compatibilityVersion = "Xcode 8.0";
			developmentRegion = en;
			hasScannedForEncodings = 0;
			knownRegions = (
				en,
				Base,
			);
			mainGroup = 18C734F420AA75D600246F6E;
			productRefGroup = 18C734FE20AA75D600246F6E /* Products */;
			projectDirPath = "";
			projectRoot = "";
			targets = (
				18C734FC20AA75D600246F6E /* ReverseTableView */,
			);
		};
/* End PBXProject section */

/* Begin PBXResourcesBuildPhase section */
		18C734FB20AA75D600246F6E /* Resources */ = {
			isa = PBXResourcesBuildPhase;
			buildActionMask = 2147483647;
			files = (
				18C7350B20AA75D600246F6E /* LaunchScreen.storyboard in Resources */,
				18C7350820AA75D600246F6E /* Assets.xcassets in Resources */,
				18C7350620AA75D600246F6E /* Main.storyboard in Resources */,
			);
			runOnlyForDeploymentPostprocessing = 0;
		};
/* End PBXResourcesBuildPhase section */

/* Begin PBXSourcesBuildPhase section */
		18C734F920AA75D600246F6E /* Sources */ = {
			isa = PBXSourcesBuildPhase;
			buildActionMask = 2147483647;
			files = (
				18C7351320AA772800246F6E /* TableViewCell.swift in Sources */,
				18C7350320AA75D600246F6E /* ViewController.swift in Sources */,
				18C7350120AA75D600246F6E /* AppDelegate.swift in Sources */,
				18C7351520AA776600246F6E /* MessageModel.swift in Sources */,
			);
			runOnlyForDeploymentPostprocessing = 0;
		};
/* End PBXSourcesBuildPhase section */

/* Begin PBXVariantGroup section */
		18C7350420AA75D600246F6E /* Main.storyboard */ = {
			isa = PBXVariantGroup;
			children = (
				18C7350520AA75D600246F6E /* Base */,
			);
			name = Main.storyboard;
			sourceTree = "<group>";
		};
		18C7350920AA75D600246F6E /* LaunchScreen.storyboard */ = {
			isa = PBXVariantGroup;
			children = (
				18C7350A20AA75D600246F6E /* Base */,
			);
			name = LaunchScreen.storyboard;
			sourceTree = "<group>";
		};
/* End PBXVariantGroup section */

/* Begin XCBuildConfiguration section */
		18C7350D20AA75D600246F6E /* Debug */ = {
			isa = XCBuildConfiguration;
			buildSettings = {
				ALWAYS_SEARCH_USER_PATHS = NO;
				CLANG_ANALYZER_NONNULL = YES;
				CLANG_ANALYZER_NUMBER_OBJECT_CONVERSION = YES_AGGRESSIVE;
				CLANG_CXX_LANGUAGE_STANDARD = "gnu++14";
				CLANG_CXX_LIBRARY = "libc++";
				CLANG_ENABLE_MODULES = YES;
				CLANG_ENABLE_OBJC_ARC = YES;
				CLANG_WARN_BLOCK_CAPTURE_AUTORELEASING = YES;
				CLANG_WARN_BOOL_CONVERSION = YES;
				CLANG_WARN_COMMA = YES;
				CLANG_WARN_CONSTANT_CONVERSION = YES;
				CLANG_WARN_DIRECT_OBJC_ISA_USAGE = YES_ERROR;
				CLANG_WARN_DOCUMENTATION_COMMENTS = YES;
				CLANG_WARN_EMPTY_BODY = YES;
				CLANG_WARN_ENUM_CONVERSION = YES;
				CLANG_WARN_INFINITE_RECURSION = YES;
				CLANG_WARN_INT_CONVERSION = YES;
				CLANG_WARN_NON_LITERAL_NULL_CONVERSION = YES;
				CLANG_WARN_OBJC_LITERAL_CONVERSION = YES;
				CLANG_WARN_OBJC_ROOT_CLASS = YES_ERROR;
				CLANG_WARN_RANGE_LOOP_ANALYSIS = YES;
				CLANG_WARN_STRICT_PROTOTYPES = YES;
				CLANG_WARN_SUSPICIOUS_MOVE = YES;
				CLANG_WARN_UNGUARDED_AVAILABILITY = YES_AGGRESSIVE;
				CLANG_WARN_UNREACHABLE_CODE = YES;
				CLANG_WARN__DUPLICATE_METHOD_MATCH = YES;
				CODE_SIGN_IDENTITY = "iPhone Developer";
				COPY_PHASE_STRIP = NO;
				DEBUG_INFORMATION_FORMAT = dwarf;
				ENABLE_STRICT_OBJC_MSGSEND = YES;
				ENABLE_TESTABILITY = YES;
				GCC_C_LANGUAGE_STANDARD = gnu11;
				GCC_DYNAMIC_NO_PIC = NO;
				GCC_NO_COMMON_BLOCKS = YES;
				GCC_OPTIMIZATION_LEVEL = 0;
				GCC_PREPROCESSOR_DEFINITIONS = (
					"DEBUG=1",
					"$(inherited)",
				);
				GCC_WARN_64_TO_32_BIT_CONVERSION = YES;
				GCC_WARN_ABOUT_RETURN_TYPE = YES_ERROR;
				GCC_WARN_UNDECLARED_SELECTOR = YES;
				GCC_WARN_UNINITIALIZED_AUTOS = YES_AGGRESSIVE;
				GCC_WARN_UNUSED_FUNCTION = YES;
				GCC_WARN_UNUSED_VARIABLE = YES;
				IPHONEOS_DEPLOYMENT_TARGET = 11.2;
				MTL_ENABLE_DEBUG_INFO = YES;
				ONLY_ACTIVE_ARCH = YES;
				SDKROOT = iphoneos;
				SWIFT_ACTIVE_COMPILATION_CONDITIONS = DEBUG;
				SWIFT_OPTIMIZATION_LEVEL = "-Onone";
			};
			name = Debug;
		};
		18C7350E20AA75D600246F6E /* Release */ = {
			isa = XCBuildConfiguration;
			buildSettings = {
				ALWAYS_SEARCH_USER_PATHS = NO;
				CLANG_ANALYZER_NONNULL = YES;
				CLANG_ANALYZER_NUMBER_OBJECT_CONVERSION = YES_AGGRESSIVE;
				CLANG_CXX_LANGUAGE_STANDARD = "gnu++14";
				CLANG_CXX_LIBRARY = "libc++";
				CLANG_ENABLE_MODULES = YES;
				CLANG_ENABLE_OBJC_ARC = YES;
				CLANG_WARN_BLOCK_CAPTURE_AUTORELEASING = YES;
				CLANG_WARN_BOOL_CONVERSION = YES;
				CLANG_WARN_COMMA = YES;
				CLANG_WARN_CONSTANT_CONVERSION = YES;
				CLANG_WARN_DIRECT_OBJC_ISA_USAGE = YES_ERROR;
				CLANG_WARN_DOCUMENTATION_COMMENTS = YES;
				CLANG_WARN_EMPTY_BODY = YES;
				CLANG_WARN_ENUM_CONVERSION = YES;
				CLANG_WARN_INFINITE_RECURSION = YES;
				CLANG_WARN_INT_CONVERSION = YES;
				CLANG_WARN_NON_LITERAL_NULL_CONVERSION = YES;
				CLANG_WARN_OBJC_LITERAL_CONVERSION = YES;
				CLANG_WARN_OBJC_ROOT_CLASS = YES_ERROR;
				CLANG_WARN_RANGE_LOOP_ANALYSIS = YES;
				CLANG_WARN_STRICT_PROTOTYPES = YES;
				CLANG_WARN_SUSPICIOUS_MOVE = YES;
				CLANG_WARN_UNGUARDED_AVAILABILITY = YES_AGGRESSIVE;
				CLANG_WARN_UNREACHABLE_CODE = YES;
				CLANG_WARN__DUPLICATE_METHOD_MATCH = YES;
				CODE_SIGN_IDENTITY = "iPhone Developer";
				COPY_PHASE_STRIP = NO;
				DEBUG_INFORMATION_FORMAT = "dwarf-with-dsym";
				ENABLE_NS_ASSERTIONS = NO;
				ENABLE_STRICT_OBJC_MSGSEND = YES;
				GCC_C_LANGUAGE_STANDARD = gnu11;
				GCC_NO_COMMON_BLOCKS = YES;
				GCC_WARN_64_TO_32_BIT_CONVERSION = YES;
				GCC_WARN_ABOUT_RETURN_TYPE = YES_ERROR;
				GCC_WARN_UNDECLARED_SELECTOR = YES;
				GCC_WARN_UNINITIALIZED_AUTOS = YES_AGGRESSIVE;
				GCC_WARN_UNUSED_FUNCTION = YES;
				GCC_WARN_UNUSED_VARIABLE = YES;
				IPHONEOS_DEPLOYMENT_TARGET = 11.2;
				MTL_ENABLE_DEBUG_INFO = NO;
				SDKROOT = iphoneos;
				SWIFT_OPTIMIZATION_LEVEL = "-Owholemodule";
				VALIDATE_PRODUCT = YES;
			};
			name = Release;
		};
		18C7351020AA75D600246F6E /* Debug */ = {
			isa = XCBuildConfiguration;
			buildSettings = {
				ASSETCATALOG_COMPILER_APPICON_NAME = AppIcon;
				CODE_SIGN_STYLE = Automatic;
				DEVELOPMENT_TEAM = 7C7UL4AYA3;
				INFOPLIST_FILE = ReverseTableView/Info.plist;
				LD_RUNPATH_SEARCH_PATHS = "$(inherited) @executable_path/Frameworks";
				PRODUCT_BUNDLE_IDENTIFIER = penn.ReverseTableView;
				PRODUCT_NAME = "$(TARGET_NAME)";
				SWIFT_VERSION = 4.0;
				TARGETED_DEVICE_FAMILY = "1,2";
			};
			name = Debug;
		};
		18C7351120AA75D600246F6E /* Release */ = {
			isa = XCBuildConfiguration;
			buildSettings = {
				ASSETCATALOG_COMPILER_APPICON_NAME = AppIcon;
				CODE_SIGN_STYLE = Automatic;
				DEVELOPMENT_TEAM = 7C7UL4AYA3;
				INFOPLIST_FILE = ReverseTableView/Info.plist;
				LD_RUNPATH_SEARCH_PATHS = "$(inherited) @executable_path/Frameworks";
				PRODUCT_BUNDLE_IDENTIFIER = penn.ReverseTableView;
				PRODUCT_NAME = "$(TARGET_NAME)";
				SWIFT_VERSION = 4.0;
				TARGETED_DEVICE_FAMILY = "1,2";
			};
			name = Release;
		};
/* End XCBuildConfiguration section */

/* Begin XCConfigurationList section */
		18C734F820AA75D600246F6E /* Build configuration list for PBXProject "ReverseTableView" */ = {
			isa = XCConfigurationList;
			buildConfigurations = (
				18C7350D20AA75D600246F6E /* Debug */,
				18C7350E20AA75D600246F6E /* Release */,
			);
			defaultConfigurationIsVisible = 0;
			defaultConfigurationName = Release;
		};
		18C7350F20AA75D600246F6E /* Build configuration list for PBXNativeTarget "ReverseTableView" */ = {
			isa = XCConfigurationList;
			buildConfigurations = (
				18C7351020AA75D600246F6E /* Debug */,
				18C7351120AA75D600246F6E /* Release */,
			);
			defaultConfigurationIsVisible = 0;
			defaultConfigurationName = Release;
		};
/* End XCConfigurationList section */
	};
	rootObject = 18C734F520AA75D600246F6E /* Project object */;
}
